
Microsoft Visual Studio Solution File, Format Version 12.00
# Visual Studio Version 17
VisualStudioVersion = 17.5.33530.505
MinimumVisualStudioVersion = 10.0.40219.1
Project("{FAE04EC0-301F-11D3-BF4B-00C04F79EFBC}") = "PA2_TP2_Federico_Becerra", "PA2_TP2_Federico_Becerra\PA2_TP2_Federico_Becerra.csproj", "{05348F5C-3739-41F2-8AAB-061542906CB9}"
EndProject
Global
	GlobalSection(SolutionConfigurationPlatforms) = preSolution
		Debug|Any CPU = Debug|Any CPU
		Release|Any CPU = Release|Any CPU
	EndGlobalSection
	GlobalSection(ProjectConfigurationPlatforms) = postSolution
		{05348F5C-3739-41F2-8AAB-061542906CB9}.Debug|Any CPU.ActiveCfg = Debug|Any CPU
		{05348F5C-3739-41F2-8AAB-061542906CB9}.Debug|Any CPU.Build.0 = Debug|Any CPU
		{05348F5C-3739-41F2-8AAB-061542906CB9}.Release|Any CPU.ActiveCfg = Release|Any CPU
		{05348F5C-3739-41F2-8AAB-061542906CB9}.Release|Any CPU.Build.0 = Release|Any CPU
	EndGlobalSection
	GlobalSection(SolutionProperties) = preSolution
		HideSolutionNode = FALSE
	EndGlobalSection
	GlobalSection(ExtensibilityGlobals) = postSolution
		SolutionGuid = {736D2F1D-B039-44A9-843C-0A4F7D8423A6}
	EndGlobalSection
EndGlobal
